// !$*UTF8*$!
{
	archiveVersion = 1;
	classes = {
	};
	objectVersion = 46;
	objects = {

/* Begin PBXBuildFile section */
		A79B502F1CD63D9200D85303 /* InfoViewController.swift in Sources */ = {isa = PBXBuildFile; fileRef = A79B502E1CD63D9200D85303 /* InfoViewController.swift */; };
		A7BD91A91CD192D20061852D /* Podfile in Resources */ = {isa = PBXBuildFile; fileRef = A7BD91A81CD192D20061852D /* Podfile */; };
		A7E90BEA1CD1925A008D77A8 /* AppDelegate.swift in Sources */ = {isa = PBXBuildFile; fileRef = A7E90BE91CD1925A008D77A8 /* AppDelegate.swift */; };
		A7E90BEC1CD1925A008D77A8 /* ViewController.swift in Sources */ = {isa = PBXBuildFile; fileRef = A7E90BEB1CD1925A008D77A8 /* ViewController.swift */; };
		A7E90BEF1CD1925A008D77A8 /* Main.storyboard in Resources */ = {isa = PBXBuildFile; fileRef = A7E90BED1CD1925A008D77A8 /* Main.storyboard */; };
		A7E90BF11CD1925A008D77A8 /* Assets.xcassets in Resources */ = {isa = PBXBuildFile; fileRef = A7E90BF01CD1925A008D77A8 /* Assets.xcassets */; };
		A7E90BF41CD1925A008D77A8 /* LaunchScreen.storyboard in Resources */ = {isa = PBXBuildFile; fileRef = A7E90BF21CD1925A008D77A8 /* LaunchScreen.storyboard */; };
		E8B863D44C8A133A66EA0AA2 /* Pods_force_touch_glitches.framework in Frameworks */ = {isa = PBXBuildFile; fileRef = BD49C32ACFF3D9D6C5F4A6FE /* Pods_force_touch_glitches.framework */; };
/* End PBXBuildFile section */

/* Begin PBXFileReference section */
		10BF7F8E9FAA1A914A26722E /* Pods-force-touch-glitches.release.xcconfig */ = {isa = PBXFileReference; includeInIndex = 1; lastKnownFileType = text.xcconfig; name = "Pods-force-touch-glitches.release.xcconfig"; path = "Pods/Target Support Files/Pods-force-touch-glitches/Pods-force-touch-glitches.release.xcconfig"; sourceTree = "<group>"; };
		A79B502E1CD63D9200D85303 /* InfoViewController.swift */ = {isa = PBXFileReference; fileEncoding = 4; lastKnownFileType = sourcecode.swift; path = InfoViewController.swift; sourceTree = "<group>"; };
		A7BD91A81CD192D20061852D /* Podfile */ = {isa = PBXFileReference; fileEncoding = 4; lastKnownFileType = text; path = Podfile; sourceTree = "<group>"; xcLanguageSpecificationIdentifier = xcode.lang.ruby; };
		A7E90BE61CD1925A008D77A8 /* Gemma Barlow.app */ = {isa = PBXFileReference; explicitFileType = wrapper.application; includeInIndex = 0; path = "Gemma Barlow.app"; sourceTree = BUILT_PRODUCTS_DIR; };
		A7E90BE91CD1925A008D77A8 /* AppDelegate.swift */ = {isa = PBXFileReference; lastKnownFileType = sourcecode.swift; path = AppDelegate.swift; sourceTree = "<group>"; };
		A7E90BEB1CD1925A008D77A8 /* ViewController.swift */ = {isa = PBXFileReference; lastKnownFileType = sourcecode.swift; path = ViewController.swift; sourceTree = "<group>"; };
		A7E90BEE1CD1925A008D77A8 /* Base */ = {isa = PBXFileReference; lastKnownFileType = file.storyboard; name = Base; path = Base.lproj/Main.storyboard; sourceTree = "<group>"; };
		A7E90BF01CD1925A008D77A8 /* Assets.xcassets */ = {isa = PBXFileReference; lastKnownFileType = folder.assetcatalog; path = Assets.xcassets; sourceTree = "<group>"; };
		A7E90BF31CD1925A008D77A8 /* Base */ = {isa = PBXFileReference; lastKnownFileType = file.storyboard; name = Base; path = Base.lproj/LaunchScreen.storyboard; sourceTree = "<group>"; };
		A7E90BF51CD1925A008D77A8 /* Info.plist */ = {isa = PBXFileReference; lastKnownFileType = text.plist.xml; path = Info.plist; sourceTree = "<group>"; };
		BD49C32ACFF3D9D6C5F4A6FE /* Pods_force_touch_glitches.framework */ = {isa = PBXFileReference; explicitFileType = wrapper.framework; includeInIndex = 0; path = Pods_force_touch_glitches.framework; sourceTree = BUILT_PRODUCTS_DIR; };
		E23F5F0D113EE18807020AA0 /* Pods-force-touch-glitches.debug.xcconfig */ = {isa = PBXFileReference; includeInIndex = 1; lastKnownFileType = text.xcconfig; name = "Pods-force-touch-glitches.debug.xcconfig"; path = "Pods/Target Support Files/Pods-force-touch-glitches/Pods-force-touch-glitches.debug.xcconfig"; sourceTree = "<group>"; };
/* End PBXFileReference section */

/* Begin PBXFrameworksBuildPhase section */
		A7E90BE31CD1925A008D77A8 /* Frameworks */ = {
			isa = PBXFrameworksBuildPhase;
			buildActionMask = 2147483647;
			files = (
				E8B863D44C8A133A66EA0AA2 /* Pods_force_touch_glitches.framework in Frameworks */,
			);
			runOnlyForDeploymentPostprocessing = 0;
		};
/* End PBXFrameworksBuildPhase section */

/* Begin PBXGroup section */
		05060112938E14D0EA191B85 /* Frameworks */ = {
			isa = PBXGroup;
			children = (
				BD49C32ACFF3D9D6C5F4A6FE /* Pods_force_touch_glitches.framework */,
			);
			name = Frameworks;
			sourceTree = "<group>";
		};
		A79B50301CD63DB200D85303 /* Controllers */ = {
			isa = PBXGroup;
			children = (
				A7E90BEB1CD1925A008D77A8 /* ViewController.swift */,
				A79B502E1CD63D9200D85303 /* InfoViewController.swift */,
			);
			name = Controllers;
			path = "force-touch-glitches";
			sourceTree = "<group>";
		};
		A79B50311CD63DBE00D85303 /* Supporting Files */ = {
			isa = PBXGroup;
			children = (
				A7E90BED1CD1925A008D77A8 /* Main.storyboard */,
				A7E90BF01CD1925A008D77A8 /* Assets.xcassets */,
				A7E90BF21CD1925A008D77A8 /* LaunchScreen.storyboard */,
				A7E90BF51CD1925A008D77A8 /* Info.plist */,
			);
			name = "Supporting Files";
			path = "force-touch-glitches";
			sourceTree = "<group>";
		};
		A7BD91A71CD192C70061852D /* Podfile */ = {
			isa = PBXGroup;
			children = (
				A7BD91A81CD192D20061852D /* Podfile */,
			);
			name = Podfile;
			sourceTree = "<group>";
		};
		A7E90BDD1CD1925A008D77A8 = {
			isa = PBXGroup;
			children = (
				A7BD91A71CD192C70061852D /* Podfile */,
				A7E90BE81CD1925A008D77A8 /* force-touch-glitches */,
				A79B50301CD63DB200D85303 /* Controllers */,
				A7E90BE71CD1925A008D77A8 /* Products */,
				A79B50311CD63DBE00D85303 /* Supporting Files */,
				E1EB08F02B83C19CC0D45526 /* Pods */,
				05060112938E14D0EA191B85 /* Frameworks */,
			);
			sourceTree = "<group>";
		};
		A7E90BE71CD1925A008D77A8 /* Products */ = {
			isa = PBXGroup;
			children = (
				A7E90BE61CD1925A008D77A8 /* Gemma Barlow.app */,
			);
			name = Products;
			sourceTree = "<group>";
		};
		A7E90BE81CD1925A008D77A8 /* force-touch-glitches */ = {
			isa = PBXGroup;
			children = (
				A7E90BE91CD1925A008D77A8 /* AppDelegate.swift */,
			);
			path = "force-touch-glitches";
			sourceTree = "<group>";
		};
		E1EB08F02B83C19CC0D45526 /* Pods */ = {
			isa = PBXGroup;
			children = (
				E23F5F0D113EE18807020AA0 /* Pods-force-touch-glitches.debug.xcconfig */,
				10BF7F8E9FAA1A914A26722E /* Pods-force-touch-glitches.release.xcconfig */,
			);
			name = Pods;
			sourceTree = "<group>";
		};
/* End PBXGroup section */

/* Begin PBXNativeTarget section */
		A7E90BE51CD1925A008D77A8 /* force-touch-glitches */ = {
			isa = PBXNativeTarget;
			buildConfigurationList = A7E90BF81CD1925A008D77A8 /* Build configuration list for PBXNativeTarget "force-touch-glitches" */;
			buildPhases = (
				D9D7A689955619D6061E35DE /* [CP] Check Pods Manifest.lock */,
				A7E90BE21CD1925A008D77A8 /* Sources */,
				A7E90BE31CD1925A008D77A8 /* Frameworks */,
				A7E90BE41CD1925A008D77A8 /* Resources */,
				730C44CE4365C24B5D5E8284 /* [CP] Embed Pods Frameworks */,
				9F72908BC42D955CE3CFBE69 /* [CP] Copy Pods Resources */,
			);
			buildRules = (
			);
			dependencies = (
			);
			name = "force-touch-glitches";
			productName = "force-touch-glitches";
			productReference = A7E90BE61CD1925A008D77A8 /* Gemma Barlow.app */;
			productType = "com.apple.product-type.application";
		};
/* End PBXNativeTarget section */

/* Begin PBXProject section */
		A7E90BDE1CD1925A008D77A8 /* Project object */ = {
			isa = PBXProject;
			attributes = {
				LastSwiftUpdateCheck = 0730;
				LastUpgradeCheck = 0820;
				ORGANIZATIONNAME = gemmakbarlow;
				TargetAttributes = {
					A7E90BE51CD1925A008D77A8 = {
						CreatedOnToolsVersion = 7.3;
						DevelopmentTeam = 93DW7Y5G9U;
						LastSwiftMigration = 0820;
					};
				};
			};
			buildConfigurationList = A7E90BE11CD1925A008D77A8 /* Build configuration list for PBXProject "force-touch-glitches" */;
			compatibilityVersion = "Xcode 3.2";
			developmentRegion = English;
			hasScannedForEncodings = 0;
			knownRegions = (
				en,
				Base,
			);
			mainGroup = A7E90BDD1CD1925A008D77A8;
			productRefGroup = A7E90BE71CD1925A008D77A8 /* Products */;
			projectDirPath = "";
			projectRoot = "";
			targets = (
				A7E90BE51CD1925A008D77A8 /* force-touch-glitches */,
			);
		};
/* End PBXProject section */

/* Begin PBXResourcesBuildPhase section */
		A7E90BE41CD1925A008D77A8 /* Resources */ = {
			isa = PBXResourcesBuildPhase;
			buildActionMask = 2147483647;
			files = (
				A7E90BF41CD1925A008D77A8 /* LaunchScreen.storyboard in Resources */,
				A7E90BF11CD1925A008D77A8 /* Assets.xcassets in Resources */,
				A7BD91A91CD192D20061852D /* Podfile in Resources */,
				A7E90BEF1CD1925A008D77A8 /* Main.storyboard in Resources */,
			);
			runOnlyForDeploymentPostprocessing = 0;
		};
/* End PBXResourcesBuildPhase section */

/* Begin PBXShellScriptBuildPhase section */
		730C44CE4365C24B5D5E8284 /* [CP] Embed Pods Frameworks */ = {
			isa = PBXShellScriptBuildPhase;
			buildActionMask = 2147483647;
			files = (
			);
			inputPaths = (
			);
			name = "[CP] Embed Pods Frameworks";
			outputPaths = (
			);
			runOnlyForDeploymentPostprocessing = 0;
			shellPath = /bin/sh;
			shellScript = "\"${SRCROOT}/Pods/Target Support Files/Pods-force-touch-glitches/Pods-force-touch-glitches-frameworks.sh\"\n";
			showEnvVarsInLog = 0;
		};
		9F72908BC42D955CE3CFBE69 /* [CP] Copy Pods Resources */ = {
			isa = PBXShellScriptBuildPhase;
			buildActionMask = 2147483647;
			files = (
			);
			inputPaths = (
			);
			name = "[CP] Copy Pods Resources";
			outputPaths = (
			);
			runOnlyForDeploymentPostprocessing = 0;
			shellPath = /bin/sh;
			shellScript = "\"${SRCROOT}/Pods/Target Support Files/Pods-force-touch-glitches/Pods-force-touch-glitches-resources.sh\"\n";
			showEnvVarsInLog = 0;
		};
		D9D7A689955619D6061E35DE /* [CP] Check Pods Manifest.lock */ = {
			isa = PBXShellScriptBuildPhase;
			buildActionMask = 2147483647;
			files = (
			);
			inputPaths = (
			);
			name = "[CP] Check Pods Manifest.lock";
			outputPaths = (
			);
			runOnlyForDeploymentPostprocessing = 0;
			shellPath = /bin/sh;
			shellScript = "diff \"${PODS_ROOT}/../Podfile.lock\" \"${PODS_ROOT}/Manifest.lock\" > /dev/null\nif [ $? != 0 ] ; then\n    # print error to STDERR\n    echo \"error: The sandbox is not in sync with the Podfile.lock. Run 'pod install' or update your CocoaPods installation.\" >&2\n    exit 1\nfi\n";
			showEnvVarsInLog = 0;
		};
/* End PBXShellScriptBuildPhase section */

/* Begin PBXSourcesBuildPhase section */
		A7E90BE21CD1925A008D77A8 /* Sources */ = {
			isa = PBXSourcesBuildPhase;
			buildActionMask = 2147483647;
			files = (
				A7E90BEC1CD1925A008D77A8 /* ViewController.swift in Sources */,
				A79B502F1CD63D9200D85303 /* InfoViewController.swift in Sources */,
				A7E90BEA1CD1925A008D77A8 /* AppDelegate.swift in Sources */,
			);
			runOnlyForDeploymentPostprocessing = 0;
		};
/* End PBXSourcesBuildPhase section */

/* Begin PBXVariantGroup section */
		A7E90BED1CD1925A008D77A8 /* Main.storyboard */ = {
			isa = PBXVariantGroup;
			children = (
				A7E90BEE1CD1925A008D77A8 /* Base */,
			);
			name = Main.storyboard;
			sourceTree = "<group>";
		};
		A7E90BF21CD1925A008D77A8 /* LaunchScreen.storyboard */ = {
			isa = PBXVariantGroup;
			children = (
				A7E90BF31CD1925A008D77A8 /* Base */,
			);
			name = LaunchScreen.storyboard;
			sourceTree = "<group>";
		};
/* End PBXVariantGroup section */

/* Begin XCBuildConfiguration section */
		A7E90BF61CD1925A008D77A8 /* Debug */ = {
			isa = XCBuildConfiguration;
			buildSettings = {
				ALWAYS_SEARCH_USER_PATHS = NO;
				CLANG_ANALYZER_NONNULL = YES;
				CLANG_CXX_LANGUAGE_STANDARD = "gnu++0x";
				CLANG_CXX_LIBRARY = "libc++";
				CLANG_ENABLE_MODULES = YES;
				CLANG_ENABLE_OBJC_ARC = YES;
				CLANG_WARN_BOOL_CONVERSION = YES;
				CLANG_WARN_CONSTANT_CONVERSION = YES;
				CLANG_WARN_DIRECT_OBJC_ISA_USAGE = YES_ERROR;
				CLANG_WARN_EMPTY_BODY = YES;
				CLANG_WARN_ENUM_CONVERSION = YES;
				CLANG_WARN_INFINITE_RECURSION = YES;
				CLANG_WARN_INT_CONVERSION = YES;
				CLANG_WARN_OBJC_ROOT_CLASS = YES_ERROR;
				CLANG_WARN_SUSPICIOUS_MOVE = YES;
				CLANG_WARN_UNREACHABLE_CODE = YES;
				CLANG_WARN__DUPLICATE_METHOD_MATCH = YES;
				"CODE_SIGN_IDENTITY[sdk=iphoneos*]" = "iPhone Developer";
				COPY_PHASE_STRIP = NO;
				DEBUG_INFORMATION_FORMAT = dwarf;
				ENABLE_STRICT_OBJC_MSGSEND = YES;
				ENABLE_TESTABILITY = YES;
				GCC_C_LANGUAGE_STANDARD = gnu99;
				GCC_DYNAMIC_NO_PIC = NO;
				GCC_NO_COMMON_BLOCKS = YES;
				GCC_OPTIMIZATION_LEVEL = 0;
				GCC_PREPROCESSOR_DEFINITIONS = (
					"DEBUG=1",
					"$(inherited)",
				);
				GCC_WARN_64_TO_32_BIT_CONVERSION = YES;
				GCC_WARN_ABOUT_RETURN_TYPE = YES_ERROR;
				GCC_WARN_UNDECLARED_SELECTOR = YES;
				GCC_WARN_UNINITIALIZED_AUTOS = YES_AGGRESSIVE;
				GCC_WARN_UNUSED_FUNCTION = YES;
				GCC_WARN_UNUSED_VARIABLE = YES;
				IPHONEOS_DEPLOYMENT_TARGET = 9.3;
				MTL_ENABLE_DEBUG_INFO = YES;
				ONLY_ACTIVE_ARCH = YES;
				SDKROOT = iphoneos;
				SWIFT_OPTIMIZATION_LEVEL = "-Onone";
			};
			name = Debug;
		};
		A7E90BF71CD1925A008D77A8 /* Release */ = {
			isa = XCBuildConfiguration;
			buildSettings = {
				ALWAYS_SEARCH_USER_PATHS = NO;
				CLANG_ANALYZER_NONNULL = YES;
				CLANG_CXX_LANGUAGE_STANDARD = "gnu++0x";
				CLANG_CXX_LIBRARY = "libc++";
				CLANG_ENABLE_MODULES = YES;
				CLANG_ENABLE_OBJC_ARC = YES;
				CLANG_WARN_BOOL_CONVERSION = YES;
				CLANG_WARN_CONSTANT_CONVERSION = YES;
				CLANG_WARN_DIRECT_OBJC_ISA_USAGE = YES_ERROR;
				CLANG_WARN_EMPTY_BODY = YES;
				CLANG_WARN_ENUM_CONVERSION = YES;
				CLANG_WARN_INFINITE_RECURSION = YES;
				CLANG_WARN_INT_CONVERSION = YES;
				CLANG_WARN_OBJC_ROOT_CLASS = YES_ERROR;
				CLANG_WARN_SUSPICIOUS_MOVE = YES;
				CLANG_WARN_UNREACHABLE_CODE = YES;
				CLANG_WARN__DUPLICATE_METHOD_MATCH = YES;
				"CODE_SIGN_IDENTITY[sdk=iphoneos*]" = "iPhone Developer";
				COPY_PHASE_STRIP = NO;
				DEBUG_INFORMATION_FORMAT = "dwarf-with-dsym";
				ENABLE_NS_ASSERTIONS = NO;
				ENABLE_STRICT_OBJC_MSGSEND = YES;
				GCC_C_LANGUAGE_STANDARD = gnu99;
				GCC_NO_COMMON_BLOCKS = YES;
				GCC_WARN_64_TO_32_BIT_CONVERSION = YES;
				GCC_WARN_ABOUT_RETURN_TYPE = YES_ERROR;
				GCC_WARN_UNDECLARED_SELECTOR = YES;
				GCC_WARN_UNINITIALIZED_AUTOS = YES_AGGRESSIVE;
				GCC_WARN_UNUSED_FUNCTION = YES;
				GCC_WARN_UNUSED_VARIABLE = YES;
				IPHONEOS_DEPLOYMENT_TARGET = 9.3;
				MTL_ENABLE_DEBUG_INFO = NO;
				SDKROOT = iphoneos;
				SWIFT_OPTIMIZATION_LEVEL = "-Owholemodule";
				VALIDATE_PRODUCT = YES;
			};
			name = Release;
		};
		A7E90BF91CD1925A008D77A8 /* Debug */ = {
			isa = XCBuildConfiguration;
			baseConfigurationReference = E23F5F0D113EE18807020AA0 /* Pods-force-touch-glitches.debug.xcconfig */;
			buildSettings = {
				ASSETCATALOG_COMPILER_APPICON_NAME = AppIcon;
				DEVELOPMENT_TEAM = 93DW7Y5G9U;
				INFOPLIST_FILE = "force-touch-glitches/Info.plist";
				LD_RUNPATH_SEARCH_PATHS = "$(inherited) @executable_path/Frameworks";
				PRODUCT_BUNDLE_IDENTIFIER = "com.gemmakbarlow.force-touch-glitches";
				PRODUCT_NAME = "Gemma Barlow";
				SWIFT_VERSION = 3.0;
			};
			name = Debug;
		};
		A7E90BFA1CD1925A008D77A8 /* Release */ = {
			isa = XCBuildConfiguration;
			baseConfigurationReference = 10BF7F8E9FAA1A914A26722E /* Pods-force-touch-glitches.release.xcconfig */;
			buildSettings = {
				ASSETCATALOG_COMPILER_APPICON_NAME = AppIcon;
				DEVELOPMENT_TEAM = 93DW7Y5G9U;
				INFOPLIST_FILE = "force-touch-glitches/Info.plist";
				LD_RUNPATH_SEARCH_PATHS = "$(inherited) @executable_path/Frameworks";
				PRODUCT_BUNDLE_IDENTIFIER = "com.gemmakbarlow.force-touch-glitches";
				PRODUCT_NAME = "Gemma Barlow";
				SWIFT_VERSION = 3.0;
			};
			name = Release;
		};
/* End XCBuildConfiguration section */

/* Begin XCConfigurationList section */
		A7E90BE11CD1925A008D77A8 /* Build configuration list for PBXProject "force-touch-glitches" */ = {
			isa = XCConfigurationList;
			buildConfigurations = (
				A7E90BF61CD1925A008D77A8 /* Debug */,
				A7E90BF71CD1925A008D77A8 /* Release */,
			);
			defaultConfigurationIsVisible = 0;
			defaultConfigurationName = Release;
		};
		A7E90BF81CD1925A008D77A8 /* Build configuration list for PBXNativeTarget "force-touch-glitches" */ = {
			isa = XCConfigurationList;
			buildConfigurations = (
				A7E90BF91CD1925A008D77A8 /* Debug */,
				A7E90BFA1CD1925A008D77A8 /* Release */,
			);
			defaultConfigurationIsVisible = 0;
			defaultConfigurationName = Release;
		};
/* End XCConfigurationList section */
	};
	rootObject = A7E90BDE1CD1925A008D77A8 /* Project object */;
}
